{
  "name": "full-icu",
  "version": "1.2.2-0",
  "lockfileVersion": 1,
  "requires": true,
  "dependencies": {
    "icu4c-data": {
      "version": "0.57.2",
      "resolved": "https://registry.npmjs.org/icu4c-data/-/icu4c-data-0.57.2.tgz",
      "integrity": "sha1-oPpDtHcGreZ6XTwAYeitpMWAAbs="
    }
  }
}
